
Microsoft Visual Studio Solution File, Format Version 12.00
Project("{FAE04EC0-301F-11D3-BF4B-00C04F79EFBC}") = "API", "API\API.csproj", "{003C87C3-A8D0-40B4-9DA2-3AC169EEB7D0}"
EndProject
Project("{FAE04EC0-301F-11D3-BF4B-00C04F79EFBC}") = "Domain", "Domain\Domain.csproj", "{2B1FB11B-FAF7-4404-B2FB-C807389AB0B7}"
EndProject
Project("{FAE04EC0-301F-11D3-BF4B-00C04F79EFBC}") = "Application", "Application\Application.csproj", "{27268D8B-0FB2-4E15-8BFE-3952C2BDAEB6}"
EndProject
Project("{FAE04EC0-301F-11D3-BF4B-00C04F79EFBC}") = "Infrastructure", "Infrastructure\Infrastructure.csproj", "{91F2A0EC-2A79-4E86-B75E-7AB9FB33C7DD}"
EndProject
Global
	GlobalSection(SolutionConfigurationPlatforms) = preSolution
		Debug|Any CPU = Debug|Any CPU
		Release|Any CPU = Release|Any CPU
	EndGlobalSection
	GlobalSection(ProjectConfigurationPlatforms) = postSolution
		{003C87C3-A8D0-40B4-9DA2-3AC169EEB7D0}.Debug|Any CPU.ActiveCfg = Debug|Any CPU
		{003C87C3-A8D0-40B4-9DA2-3AC169EEB7D0}.Debug|Any CPU.Build.0 = Debug|Any CPU
		{003C87C3-A8D0-40B4-9DA2-3AC169EEB7D0}.Release|Any CPU.ActiveCfg = Release|Any CPU
		{003C87C3-A8D0-40B4-9DA2-3AC169EEB7D0}.Release|Any CPU.Build.0 = Release|Any CPU
		{2B1FB11B-FAF7-4404-B2FB-C807389AB0B7}.Debug|Any CPU.ActiveCfg = Debug|Any CPU
		{2B1FB11B-FAF7-4404-B2FB-C807389AB0B7}.Debug|Any CPU.Build.0 = Debug|Any CPU
		{2B1FB11B-FAF7-4404-B2FB-C807389AB0B7}.Release|Any CPU.ActiveCfg = Release|Any CPU
		{2B1FB11B-FAF7-4404-B2FB-C807389AB0B7}.Release|Any CPU.Build.0 = Release|Any CPU
		{27268D8B-0FB2-4E15-8BFE-3952C2BDAEB6}.Debug|Any CPU.ActiveCfg = Debug|Any CPU
		{27268D8B-0FB2-4E15-8BFE-3952C2BDAEB6}.Debug|Any CPU.Build.0 = Debug|Any CPU
		{27268D8B-0FB2-4E15-8BFE-3952C2BDAEB6}.Release|Any CPU.ActiveCfg = Release|Any CPU
		{27268D8B-0FB2-4E15-8BFE-3952C2BDAEB6}.Release|Any CPU.Build.0 = Release|Any CPU
		{91F2A0EC-2A79-4E86-B75E-7AB9FB33C7DD}.Debug|Any CPU.ActiveCfg = Debug|Any CPU
		{91F2A0EC-2A79-4E86-B75E-7AB9FB33C7DD}.Debug|Any CPU.Build.0 = Debug|Any CPU
		{91F2A0EC-2A79-4E86-B75E-7AB9FB33C7DD}.Release|Any CPU.ActiveCfg = Release|Any CPU
		{91F2A0EC-2A79-4E86-B75E-7AB9FB33C7DD}.Release|Any CPU.Build.0 = Release|Any CPU
	EndGlobalSection
EndGlobal
